// !$*UTF8*$!
{
	archiveVersion = 1;
	classes = {
	};
	objectVersion = 50;
	objects = {

/* Begin PBXBuildFile section */
		C269FBDE23BF51F50093F65F /* AppDelegate.swift in Sources */ = {isa = PBXBuildFile; fileRef = C269FBDD23BF51F50093F65F /* AppDelegate.swift */; };
		C269FBE023BF51F50093F65F /* SceneDelegate.swift in Sources */ = {isa = PBXBuildFile; fileRef = C269FBDF23BF51F50093F65F /* SceneDelegate.swift */; };
		C269FBE223BF51F50093F65F /* ContentView.swift in Sources */ = {isa = PBXBuildFile; fileRef = C269FBE123BF51F50093F65F /* ContentView.swift */; };
		C269FBE423BF51F70093F65F /* Assets.xcassets in Resources */ = {isa = PBXBuildFile; fileRef = C269FBE323BF51F70093F65F /* Assets.xcassets */; };
		C269FBE723BF51F70093F65F /* Preview Assets.xcassets in Resources */ = {isa = PBXBuildFile; fileRef = C269FBE623BF51F70093F65F /* Preview Assets.xcassets */; };
		C269FBEA23BF51F70093F65F /* LaunchScreen.storyboard in Resources */ = {isa = PBXBuildFile; fileRef = C269FBE823BF51F70093F65F /* LaunchScreen.storyboard */; };
/* End PBXBuildFile section */

/* Begin PBXFileReference section */
		C269FBDA23BF51F50093F65F /* TestModalNavigationLink.app */ = {isa = PBXFileReference; explicitFileType = wrapper.application; includeInIndex = 0; path = TestModalNavigationLink.app; sourceTree = BUILT_PRODUCTS_DIR; };
		C269FBDD23BF51F50093F65F /* AppDelegate.swift */ = {isa = PBXFileReference; lastKnownFileType = sourcecode.swift; path = AppDelegate.swift; sourceTree = "<group>"; };
		C269FBDF23BF51F50093F65F /* SceneDelegate.swift */ = {isa = PBXFileReference; lastKnownFileType = sourcecode.swift; path = SceneDelegate.swift; sourceTree = "<group>"; };
		C269FBE123BF51F50093F65F /* ContentView.swift */ = {isa = PBXFileReference; lastKnownFileType = sourcecode.swift; path = ContentView.swift; sourceTree = "<group>"; };
		C269FBE323BF51F70093F65F /* Assets.xcassets */ = {isa = PBXFileReference; lastKnownFileType = folder.assetcatalog; path = Assets.xcassets; sourceTree = "<group>"; };
		C269FBE623BF51F70093F65F /* Preview Assets.xcassets */ = {isa = PBXFileReference; lastKnownFileType = folder.assetcatalog; path = "Preview Assets.xcassets"; sourceTree = "<group>"; };
		C269FBE923BF51F70093F65F /* Base */ = {isa = PBXFileReference; lastKnownFileType = file.storyboard; name = Base; path = Base.lproj/LaunchScreen.storyboard; sourceTree = "<group>"; };
		C269FBEB23BF51F70093F65F /* Info.plist */ = {isa = PBXFileReference; lastKnownFileType = text.plist.xml; path = Info.plist; sourceTree = "<group>"; };
/* End PBXFileReference section */

/* Begin PBXFrameworksBuildPhase section */
		C269FBD723BF51F50093F65F /* Frameworks */ = {
			isa = PBXFrameworksBuildPhase;
			buildActionMask = 2147483647;
			files = (
			);
			runOnlyForDeploymentPostprocessing = 0;
		};
/* End PBXFrameworksBuildPhase section */

/* Begin PBXGroup section */
		C269FBD123BF51F50093F65F = {
			isa = PBXGroup;
			children = (
				C269FBDC23BF51F50093F65F /* TestModalNavigationLink */,
				C269FBDB23BF51F50093F65F /* Products */,
			);
			sourceTree = "<group>";
		};
		C269FBDB23BF51F50093F65F /* Products */ = {
			isa = PBXGroup;
			children = (
				C269FBDA23BF51F50093F65F /* TestModalNavigationLink.app */,
			);
			name = Products;
			sourceTree = "<group>";
		};
		C269FBDC23BF51F50093F65F /* TestModalNavigationLink */ = {
			isa = PBXGroup;
			children = (
				C269FBDD23BF51F50093F65F /* AppDelegate.swift */,
				C269FBDF23BF51F50093F65F /* SceneDelegate.swift */,
				C269FBE123BF51F50093F65F /* ContentView.swift */,
				C269FBE323BF51F70093F65F /* Assets.xcassets */,
				C269FBE823BF51F70093F65F /* LaunchScreen.storyboard */,
				C269FBEB23BF51F70093F65F /* Info.plist */,
				C269FBE523BF51F70093F65F /* Preview Content */,
			);
			path = TestModalNavigationLink;
			sourceTree = "<group>";
		};
		C269FBE523BF51F70093F65F /* Preview Content */ = {
			isa = PBXGroup;
			children = (
				C269FBE623BF51F70093F65F /* Preview Assets.xcassets */,
			);
			path = "Preview Content";
			sourceTree = "<group>";
		};
/* End PBXGroup section */

/* Begin PBXNativeTarget section */
		C269FBD923BF51F50093F65F /* TestModalNavigationLink */ = {
			isa = PBXNativeTarget;
			buildConfigurationList = C269FBEE23BF51F70093F65F /* Build configuration list for PBXNativeTarget "TestModalNavigationLink" */;
			buildPhases = (
				C269FBD623BF51F50093F65F /* Sources */,
				C269FBD723BF51F50093F65F /* Frameworks */,
				C269FBD823BF51F50093F65F /* Resources */,
			);
			buildRules = (
			);
			dependencies = (
			);
			name = TestModalNavigationLink;
			productName = TestModalNavigationLink;
			productReference = C269FBDA23BF51F50093F65F /* TestModalNavigationLink.app */;
			productType = "com.apple.product-type.application";
		};
/* End PBXNativeTarget section */

/* Begin PBXProject section */
		C269FBD223BF51F50093F65F /* Project object */ = {
			isa = PBXProject;
			attributes = {
				LastSwiftUpdateCheck = 1130;
				LastUpgradeCheck = 1130;
				ORGANIZATIONNAME = "Jake Nelson";
				TargetAttributes = {
					C269FBD923BF51F50093F65F = {
						CreatedOnToolsVersion = 11.3;
					};
				};
			};
			buildConfigurationList = C269FBD523BF51F50093F65F /* Build configuration list for PBXProject "TestModalNavigationLink" */;
			compatibilityVersion = "Xcode 9.3";
			developmentRegion = en;
			hasScannedForEncodings = 0;
			knownRegions = (
				en,
				Base,
			);
			mainGroup = C269FBD123BF51F50093F65F;
			productRefGroup = C269FBDB23BF51F50093F65F /* Products */;
			projectDirPath = "";
			projectRoot = "";
			targets = (
				C269FBD923BF51F50093F65F /* TestModalNavigationLink */,
			);
		};
/* End PBXProject section */

/* Begin PBXResourcesBuildPhase section */
		C269FBD823BF51F50093F65F /* Resources */ = {
			isa = PBXResourcesBuildPhase;
			buildActionMask = 2147483647;
			files = (
				C269FBEA23BF51F70093F65F /* LaunchScreen.storyboard in Resources */,
				C269FBE723BF51F70093F65F /* Preview Assets.xcassets in Resources */,
				C269FBE423BF51F70093F65F /* Assets.xcassets in Resources */,
			);
			runOnlyForDeploymentPostprocessing = 0;
		};
/* End PBXResourcesBuildPhase section */

/* Begin PBXSourcesBuildPhase section */
		C269FBD623BF51F50093F65F /* Sources */ = {
			isa = PBXSourcesBuildPhase;
			buildActionMask = 2147483647;
			files = (
				C269FBDE23BF51F50093F65F /* AppDelegate.swift in Sources */,
				C269FBE023BF51F50093F65F /* SceneDelegate.swift in Sources */,
				C269FBE223BF51F50093F65F /* ContentView.swift in Sources */,
			);
			runOnlyForDeploymentPostprocessing = 0;
		};
/* End PBXSourcesBuildPhase section */

/* Begin PBXVariantGroup section */
		C269FBE823BF51F70093F65F /* LaunchScreen.storyboard */ = {
			isa = PBXVariantGroup;
			children = (
				C269FBE923BF51F70093F65F /* Base */,
			);
			name = LaunchScreen.storyboard;
			sourceTree = "<group>";
		};
/* End PBXVariantGroup section */

/* Begin XCBuildConfiguration section */
		C269FBEC23BF51F70093F65F /* Debug */ = {
			isa = XCBuildConfiguration;
			buildSettings = {
				ALWAYS_SEARCH_USER_PATHS = NO;
				CLANG_ANALYZER_NONNULL = YES;
				CLANG_ANALYZER_NUMBER_OBJECT_CONVERSION = YES_AGGRESSIVE;
				CLANG_CXX_LANGUAGE_STANDARD = "gnu++14";
				CLANG_CXX_LIBRARY = "libc++";
				CLANG_ENABLE_MODULES = YES;
				CLANG_ENABLE_OBJC_ARC = YES;
				CLANG_ENABLE_OBJC_WEAK = YES;
				CLANG_WARN_BLOCK_CAPTURE_AUTORELEASING = YES;
				CLANG_WARN_BOOL_CONVERSION = YES;
				CLANG_WARN_COMMA = YES;
				CLANG_WARN_CONSTANT_CONVERSION = YES;
				CLANG_WARN_DEPRECATED_OBJC_IMPLEMENTATIONS = YES;
				CLANG_WARN_DIRECT_OBJC_ISA_USAGE = YES_ERROR;
				CLANG_WARN_DOCUMENTATION_COMMENTS = YES;
				CLANG_WARN_EMPTY_BODY = YES;
				CLANG_WARN_ENUM_CONVERSION = YES;
				CLANG_WARN_INFINITE_RECURSION = YES;
				CLANG_WARN_INT_CONVERSION = YES;
				CLANG_WARN_NON_LITERAL_NULL_CONVERSION = YES;
				CLANG_WARN_OBJC_IMPLICIT_RETAIN_SELF = YES;
				CLANG_WARN_OBJC_LITERAL_CONVERSION = YES;
				CLANG_WARN_OBJC_ROOT_CLASS = YES_ERROR;
				CLANG_WARN_RANGE_LOOP_ANALYSIS = YES;
				CLANG_WARN_STRICT_PROTOTYPES = YES;
				CLANG_WARN_SUSPICIOUS_MOVE = YES;
				CLANG_WARN_UNGUARDED_AVAILABILITY = YES_AGGRESSIVE;
				CLANG_WARN_UNREACHABLE_CODE = YES;
				CLANG_WARN__DUPLICATE_METHOD_MATCH = YES;
				COPY_PHASE_STRIP = NO;
				DEBUG_INFORMATION_FORMAT = dwarf;
				ENABLE_STRICT_OBJC_MSGSEND = YES;
				ENABLE_TESTABILITY = YES;
				GCC_C_LANGUAGE_STANDARD = gnu11;
				GCC_DYNAMIC_NO_PIC = NO;
				GCC_NO_COMMON_BLOCKS = YES;
				GCC_OPTIMIZATION_LEVEL = 0;
				GCC_PREPROCESSOR_DEFINITIONS = (
					"DEBUG=1",
					"$(inherited)",
				);
				GCC_WARN_64_TO_32_BIT_CONVERSION = YES;
				GCC_WARN_ABOUT_RETURN_TYPE = YES_ERROR;
				GCC_WARN_UNDECLARED_SELECTOR = YES;
				GCC_WARN_UNINITIALIZED_AUTOS = YES_AGGRESSIVE;
				GCC_WARN_UNUSED_FUNCTION = YES;
				GCC_WARN_UNUSED_VARIABLE = YES;
				IPHONEOS_DEPLOYMENT_TARGET = 13.2;
				MTL_ENABLE_DEBUG_INFO = INCLUDE_SOURCE;
				MTL_FAST_MATH = YES;
				ONLY_ACTIVE_ARCH = YES;
				SDKROOT = iphoneos;
				SWIFT_ACTIVE_COMPILATION_CONDITIONS = DEBUG;
				SWIFT_OPTIMIZATION_LEVEL = "-Onone";
			};
			name = Debug;
		};
		C269FBED23BF51F70093F65F /* Release */ = {
			isa = XCBuildConfiguration;
			buildSettings = {
				ALWAYS_SEARCH_USER_PATHS = NO;
				CLANG_ANALYZER_NONNULL = YES;
				CLANG_ANALYZER_NUMBER_OBJECT_CONVERSION = YES_AGGRESSIVE;
				CLANG_CXX_LANGUAGE_STANDARD = "gnu++14";
				CLANG_CXX_LIBRARY = "libc++";
				CLANG_ENABLE_MODULES = YES;
				CLANG_ENABLE_OBJC_ARC = YES;
				CLANG_ENABLE_OBJC_WEAK = YES;
				CLANG_WARN_BLOCK_CAPTURE_AUTORELEASING = YES;
				CLANG_WARN_BOOL_CONVERSION = YES;
				CLANG_WARN_COMMA = YES;
				CLANG_WARN_CONSTANT_CONVERSION = YES;
				CLANG_WARN_DEPRECATED_OBJC_IMPLEMENTATIONS = YES;
				CLANG_WARN_DIRECT_OBJC_ISA_USAGE = YES_ERROR;
				CLANG_WARN_DOCUMENTATION_COMMENTS = YES;
				CLANG_WARN_EMPTY_BODY = YES;
				CLANG_WARN_ENUM_CONVERSION = YES;
				CLANG_WARN_INFINITE_RECURSION = YES;
				CLANG_WARN_INT_CONVERSION = YES;
				CLANG_WARN_NON_LITERAL_NULL_CONVERSION = YES;
				CLANG_WARN_OBJC_IMPLICIT_RETAIN_SELF = YES;
				CLANG_WARN_OBJC_LITERAL_CONVERSION = YES;
				CLANG_WARN_OBJC_ROOT_CLASS = YES_ERROR;
				CLANG_WARN_RANGE_LOOP_ANALYSIS = YES;
				CLANG_WARN_STRICT_PROTOTYPES = YES;
				CLANG_WARN_SUSPICIOUS_MOVE = YES;
				CLANG_WARN_UNGUARDED_AVAILABILITY = YES_AGGRESSIVE;
				CLANG_WARN_UNREACHABLE_CODE = YES;
				CLANG_WARN__DUPLICATE_METHOD_MATCH = YES;
				COPY_PHASE_STRIP = NO;
				DEBUG_INFORMATION_FORMAT = "dwarf-with-dsym";
				ENABLE_NS_ASSERTIONS = NO;
				ENABLE_STRICT_OBJC_MSGSEND = YES;
				GCC_C_LANGUAGE_STANDARD = gnu11;
				GCC_NO_COMMON_BLOCKS = YES;
				GCC_WARN_64_TO_32_BIT_CONVERSION = YES;
				GCC_WARN_ABOUT_RETURN_TYPE = YES_ERROR;
				GCC_WARN_UNDECLARED_SELECTOR = YES;
				GCC_WARN_UNINITIALIZED_AUTOS = YES_AGGRESSIVE;
				GCC_WARN_UNUSED_FUNCTION = YES;
				GCC_WARN_UNUSED_VARIABLE = YES;
				IPHONEOS_DEPLOYMENT_TARGET = 13.2;
				MTL_ENABLE_DEBUG_INFO = NO;
				MTL_FAST_MATH = YES;
				SDKROOT = iphoneos;
				SWIFT_COMPILATION_MODE = wholemodule;
				SWIFT_OPTIMIZATION_LEVEL = "-O";
				VALIDATE_PRODUCT = YES;
			};
			name = Release;
		};
		C269FBEF23BF51F70093F65F /* Debug */ = {
			isa = XCBuildConfiguration;
			buildSettings = {
				ASSETCATALOG_COMPILER_APPICON_NAME = AppIcon;
				CODE_SIGN_STYLE = Automatic;
				DEVELOPMENT_ASSET_PATHS = "\"TestModalNavigationLink/Preview Content\"";
				DEVELOPMENT_TEAM = FL3R79336R;
				ENABLE_PREVIEWS = YES;
				INFOPLIST_FILE = TestModalNavigationLink/Info.plist;
				LD_RUNPATH_SEARCH_PATHS = (
					"$(inherited)",
					"@executable_path/Frameworks",
				);
				PRODUCT_BUNDLE_IDENTIFIER = com.jknlsn.TestModalNavigationLink;
				PRODUCT_NAME = "$(TARGET_NAME)";
				SWIFT_VERSION = 5.0;
				TARGETED_DEVICE_FAMILY = "1,2";
			};
			name = Debug;
		};
		C269FBF023BF51F70093F65F /* Release */ = {
			isa = XCBuildConfiguration;
			buildSettings = {
				ASSETCATALOG_COMPILER_APPICON_NAME = AppIcon;
				CODE_SIGN_STYLE = Automatic;
				DEVELOPMENT_ASSET_PATHS = "\"TestModalNavigationLink/Preview Content\"";
				DEVELOPMENT_TEAM = FL3R79336R;
				ENABLE_PREVIEWS = YES;
				INFOPLIST_FILE = TestModalNavigationLink/Info.plist;
				LD_RUNPATH_SEARCH_PATHS = (
					"$(inherited)",
					"@executable_path/Frameworks",
				);
				PRODUCT_BUNDLE_IDENTIFIER = com.jknlsn.TestModalNavigationLink;
				PRODUCT_NAME = "$(TARGET_NAME)";
				SWIFT_VERSION = 5.0;
				TARGETED_DEVICE_FAMILY = "1,2";
			};
			name = Release;
		};
/* End XCBuildConfiguration section */

/* Begin XCConfigurationList section */
		C269FBD523BF51F50093F65F /* Build configuration list for PBXProject "TestModalNavigationLink" */ = {
			isa = XCConfigurationList;
			buildConfigurations = (
				C269FBEC23BF51F70093F65F /* Debug */,
				C269FBED23BF51F70093F65F /* Release */,
			);
			defaultConfigurationIsVisible = 0;
			defaultConfigurationName = Release;
		};
		C269FBEE23BF51F70093F65F /* Build configuration list for PBXNativeTarget "TestModalNavigationLink" */ = {
			isa = XCConfigurationList;
			buildConfigurations = (
				C269FBEF23BF51F70093F65F /* Debug */,
				C269FBF023BF51F70093F65F /* Release */,
			);
			defaultConfigurationIsVisible = 0;
			defaultConfigurationName = Release;
		};
/* End XCConfigurationList section */
	};
	rootObject = C269FBD223BF51F50093F65F /* Project object */;
}
